
Microsoft Visual Studio Solution File, Format Version 12.00
# Visual Studio 14
VisualStudioVersion = 14.0.25123.0
MinimumVisualStudioVersion = 10.0.40219.1
Project("{FAE04EC0-301F-11D3-BF4B-00C04F79EFBC}") = "Fly", "Fly\Fly.csproj", "{DDF102BF-9448-4355-8DA4-ED65DD859614}"
EndProject
Project("{2150E333-8FDC-42A3-9474-1A3956D46DE8}") = "Solution Items", "Solution Items", "{E0859D1B-EAB6-412E-9816-F9C4C0099B2C}"
EndProject
Project("{FAE04EC0-301F-11D3-BF4B-00C04F79EFBC}") = "Fly.Library", "Fly.Library\Fly.Library.csproj", "{DC2424E1-ECA6-4027-A8FD-1C5DA027A662}"
EndProject
Global
	GlobalSection(SolutionConfigurationPlatforms) = preSolution
		Debug|x86 = Debug|x86
		Release|x86 = Release|x86
	EndGlobalSection
	GlobalSection(ProjectConfigurationPlatforms) = postSolution
		{DDF102BF-9448-4355-8DA4-ED65DD859614}.Debug|x86.ActiveCfg = Debug|x86
		{DDF102BF-9448-4355-8DA4-ED65DD859614}.Debug|x86.Build.0 = Debug|x86
		{DDF102BF-9448-4355-8DA4-ED65DD859614}.Release|x86.ActiveCfg = Release|x86
		{DDF102BF-9448-4355-8DA4-ED65DD859614}.Release|x86.Build.0 = Release|x86
		{DC2424E1-ECA6-4027-A8FD-1C5DA027A662}.Debug|x86.ActiveCfg = Debug|x86
		{DC2424E1-ECA6-4027-A8FD-1C5DA027A662}.Debug|x86.Build.0 = Debug|x86
		{DC2424E1-ECA6-4027-A8FD-1C5DA027A662}.Release|x86.ActiveCfg = Release|x86
		{DC2424E1-ECA6-4027-A8FD-1C5DA027A662}.Release|x86.Build.0 = Release|x86
	EndGlobalSection
	GlobalSection(SolutionProperties) = preSolution
		HideSolutionNode = FALSE
	EndGlobalSection
EndGlobal
